
Microsoft Visual Studio Solution File, Format Version 12.00
# Visual Studio 2017
Project("{FAE04EC0-301F-11D3-BF4B-00C04F79EFBC}") = "KaplanStory", "KaplanStory.csproj", "{4C3256D1-D45E-4696-5B35-9178D9E6A04F}"
EndProject
Global
	GlobalSection(SolutionConfigurationPlatforms) = preSolution
		Debug|Any CPU = Debug|Any CPU
		Release|Any CPU = Release|Any CPU
	EndGlobalSection
	GlobalSection(ProjectConfigurationPlatforms) = postSolution
		{4C3256D1-D45E-4696-5B35-9178D9E6A04F}.Debug|Any CPU.ActiveCfg = Debug|Any CPU
		{4C3256D1-D45E-4696-5B35-9178D9E6A04F}.Debug|Any CPU.Build.0 = Debug|Any CPU
		{4C3256D1-D45E-4696-5B35-9178D9E6A04F}.Release|Any CPU.ActiveCfg = Release|Any CPU
		{4C3256D1-D45E-4696-5B35-9178D9E6A04F}.Release|Any CPU.Build.0 = Release|Any CPU
	EndGlobalSection
	GlobalSection(SolutionProperties) = preSolution
		HideSolutionNode = FALSE
	EndGlobalSection
EndGlobal
